
Microsoft Visual Studio Solution File, Format Version 12.00
# Visual Studio Version 16
VisualStudioVersion = 16.0.29326.143
MinimumVisualStudioVersion = 10.0.40219.1
Project("{8BC9CEB8-8B4A-11D0-8D11-00A0C91BC942}") = "lab01_moving_creeper", "lab01_moving_creeper\lab01_moving_creeper.vcxproj", "{24D27D76-236B-47F8-B370-85C5855B6CBE}"
EndProject
Project("{8BC9CEB8-8B4A-11D0-8D11-00A0C91BC942}") = "lab01_empty_window", "lab01_empty_window\lab01_empty_window.vcxproj", "{ACC88A47-02F4-4C9E-A438-B873CC3A7402}"
EndProject
Project("{8BC9CEB8-8B4A-11D0-8D11-00A0C91BC942}") = "lab02_perspective_box", "lab02_perspective_box\lab02_perspective_box.vcxproj", "{7272AEBF-17EE-4917-8275-40B570A2AE6A}"
EndProject
Project("{8BC9CEB8-8B4A-11D0-8D11-00A0C91BC942}") = "lab02_ortho_creeper", "lab02_ortho_creeper\lab02_ortho_creeper.vcxproj", "{CD03D78C-EE5A-4F75-B211-EF9C5F31E2C6}"
EndProject
Project("{8BC9CEB8-8B4A-11D0-8D11-00A0C91BC942}") = "lab02_moving_camera", "lab02_moving_camera\lab02_moving_camera.vcxproj", "{6495A04B-4035-4CB2-B7BC-315F179D181B}"
EndProject
Project("{8BC9CEB8-8B4A-11D0-8D11-00A0C91BC942}") = "lab03_cube_control", "lab03_cube_control\lab03_cube_control.vcxproj", "{6306E995-57B7-41BB-A4A2-777FACC156D5}"
EndProject
Project("{8BC9CEB8-8B4A-11D0-8D11-00A0C91BC942}") = "lab04_tree", "lab04_tree\lab04_tree.vcxproj", "{E018FD7D-D902-44E7-8427-854B6B4B92A7}"
EndProject
Project("{8BC9CEB8-8B4A-11D0-8D11-00A0C91BC942}") = "lab04_glut_snowman", "lab04_glut_snowman\lab04_glut_snowman.vcxproj", "{9F765F59-5DAA-4EE1-8468-B73E3C6C31D0}"
EndProject
Global
	GlobalSection(SolutionConfigurationPlatforms) = preSolution
		Debug|x64 = Debug|x64
		Debug|x86 = Debug|x86
		Release|x64 = Release|x64
		Release|x86 = Release|x86
	EndGlobalSection
	GlobalSection(ProjectConfigurationPlatforms) = postSolution
		{24D27D76-236B-47F8-B370-85C5855B6CBE}.Debug|x64.ActiveCfg = Debug|x64
		{24D27D76-236B-47F8-B370-85C5855B6CBE}.Debug|x64.Build.0 = Debug|x64
		{24D27D76-236B-47F8-B370-85C5855B6CBE}.Debug|x86.ActiveCfg = Debug|Win32
		{24D27D76-236B-47F8-B370-85C5855B6CBE}.Debug|x86.Build.0 = Debug|Win32
		{24D27D76-236B-47F8-B370-85C5855B6CBE}.Release|x64.ActiveCfg = Release|x64
		{24D27D76-236B-47F8-B370-85C5855B6CBE}.Release|x64.Build.0 = Release|x64
		{24D27D76-236B-47F8-B370-85C5855B6CBE}.Release|x86.ActiveCfg = Release|Win32
		{24D27D76-236B-47F8-B370-85C5855B6CBE}.Release|x86.Build.0 = Release|Win32
		{ACC88A47-02F4-4C9E-A438-B873CC3A7402}.Debug|x64.ActiveCfg = Debug|x64
		{ACC88A47-02F4-4C9E-A438-B873CC3A7402}.Debug|x64.Build.0 = Debug|x64
		{ACC88A47-02F4-4C9E-A438-B873CC3A7402}.Debug|x86.ActiveCfg = Debug|Win32
		{ACC88A47-02F4-4C9E-A438-B873CC3A7402}.Debug|x86.Build.0 = Debug|Win32
		{ACC88A47-02F4-4C9E-A438-B873CC3A7402}.Release|x64.ActiveCfg = Release|x64
		{ACC88A47-02F4-4C9E-A438-B873CC3A7402}.Release|x64.Build.0 = Release|x64
		{ACC88A47-02F4-4C9E-A438-B873CC3A7402}.Release|x86.ActiveCfg = Release|Win32
		{ACC88A47-02F4-4C9E-A438-B873CC3A7402}.Release|x86.Build.0 = Release|Win32
		{7272AEBF-17EE-4917-8275-40B570A2AE6A}.Debug|x64.ActiveCfg = Debug|x64
		{7272AEBF-17EE-4917-8275-40B570A2AE6A}.Debug|x64.Build.0 = Debug|x64
		{7272AEBF-17EE-4917-8275-40B570A2AE6A}.Debug|x86.ActiveCfg = Debug|Win32
		{7272AEBF-17EE-4917-8275-40B570A2AE6A}.Debug|x86.Build.0 = Debug|Win32
		{7272AEBF-17EE-4917-8275-40B570A2AE6A}.Release|x64.ActiveCfg = Release|x64
		{7272AEBF-17EE-4917-8275-40B570A2AE6A}.Release|x64.Build.0 = Release|x64
		{7272AEBF-17EE-4917-8275-40B570A2AE6A}.Release|x86.ActiveCfg = Release|Win32
		{7272AEBF-17EE-4917-8275-40B570A2AE6A}.Release|x86.Build.0 = Release|Win32
		{CD03D78C-EE5A-4F75-B211-EF9C5F31E2C6}.Debug|x64.ActiveCfg = Debug|x64
		{CD03D78C-EE5A-4F75-B211-EF9C5F31E2C6}.Debug|x64.Build.0 = Debug|x64
		{CD03D78C-EE5A-4F75-B211-EF9C5F31E2C6}.Debug|x86.ActiveCfg = Debug|Win32
		{CD03D78C-EE5A-4F75-B211-EF9C5F31E2C6}.Debug|x86.Build.0 = Debug|Win32
		{CD03D78C-EE5A-4F75-B211-EF9C5F31E2C6}.Release|x64.ActiveCfg = Release|x64
		{CD03D78C-EE5A-4F75-B211-EF9C5F31E2C6}.Release|x64.Build.0 = Release|x64
		{CD03D78C-EE5A-4F75-B211-EF9C5F31E2C6}.Release|x86.ActiveCfg = Release|Win32
		{CD03D78C-EE5A-4F75-B211-EF9C5F31E2C6}.Release|x86.Build.0 = Release|Win32
		{6495A04B-4035-4CB2-B7BC-315F179D181B}.Debug|x64.ActiveCfg = Debug|x64
		{6495A04B-4035-4CB2-B7BC-315F179D181B}.Debug|x64.Build.0 = Debug|x64
		{6495A04B-4035-4CB2-B7BC-315F179D181B}.Debug|x86.ActiveCfg = Debug|Win32
		{6495A04B-4035-4CB2-B7BC-315F179D181B}.Debug|x86.Build.0 = Debug|Win32
		{6495A04B-4035-4CB2-B7BC-315F179D181B}.Release|x64.ActiveCfg = Release|x64
		{6495A04B-4035-4CB2-B7BC-315F179D181B}.Release|x64.Build.0 = Release|x64
		{6495A04B-4035-4CB2-B7BC-315F179D181B}.Release|x86.ActiveCfg = Release|Win32
		{6495A04B-4035-4CB2-B7BC-315F179D181B}.Release|x86.Build.0 = Release|Win32
		{6306E995-57B7-41BB-A4A2-777FACC156D5}.Debug|x64.ActiveCfg = Debug|x64
		{6306E995-57B7-41BB-A4A2-777FACC156D5}.Debug|x64.Build.0 = Debug|x64
		{6306E995-57B7-41BB-A4A2-777FACC156D5}.Debug|x86.ActiveCfg = Debug|Win32
		{6306E995-57B7-41BB-A4A2-777FACC156D5}.Debug|x86.Build.0 = Debug|Win32
		{6306E995-57B7-41BB-A4A2-777FACC156D5}.Release|x64.ActiveCfg = Release|x64
		{6306E995-57B7-41BB-A4A2-777FACC156D5}.Release|x64.Build.0 = Release|x64
		{6306E995-57B7-41BB-A4A2-777FACC156D5}.Release|x86.ActiveCfg = Release|Win32
		{6306E995-57B7-41BB-A4A2-777FACC156D5}.Release|x86.Build.0 = Release|Win32
		{E018FD7D-D902-44E7-8427-854B6B4B92A7}.Debug|x64.ActiveCfg = Debug|x64
		{E018FD7D-D902-44E7-8427-854B6B4B92A7}.Debug|x64.Build.0 = Debug|x64
		{E018FD7D-D902-44E7-8427-854B6B4B92A7}.Debug|x86.ActiveCfg = Debug|Win32
		{E018FD7D-D902-44E7-8427-854B6B4B92A7}.Debug|x86.Build.0 = Debug|Win32
		{E018FD7D-D902-44E7-8427-854B6B4B92A7}.Release|x64.ActiveCfg = Release|x64
		{E018FD7D-D902-44E7-8427-854B6B4B92A7}.Release|x64.Build.0 = Release|x64
		{E018FD7D-D902-44E7-8427-854B6B4B92A7}.Release|x86.ActiveCfg = Release|Win32
		{E018FD7D-D902-44E7-8427-854B6B4B92A7}.Release|x86.Build.0 = Release|Win32
		{9F765F59-5DAA-4EE1-8468-B73E3C6C31D0}.Debug|x64.ActiveCfg = Debug|x64
		{9F765F59-5DAA-4EE1-8468-B73E3C6C31D0}.Debug|x64.Build.0 = Debug|x64
		{9F765F59-5DAA-4EE1-8468-B73E3C6C31D0}.Debug|x86.ActiveCfg = Debug|Win32
		{9F765F59-5DAA-4EE1-8468-B73E3C6C31D0}.Debug|x86.Build.0 = Debug|Win32
		{9F765F59-5DAA-4EE1-8468-B73E3C6C31D0}.Release|x64.ActiveCfg = Release|x64
		{9F765F59-5DAA-4EE1-8468-B73E3C6C31D0}.Release|x64.Build.0 = Release|x64
		{9F765F59-5DAA-4EE1-8468-B73E3C6C31D0}.Release|x86.ActiveCfg = Release|Win32
		{9F765F59-5DAA-4EE1-8468-B73E3C6C31D0}.Release|x86.Build.0 = Release|Win32
	EndGlobalSection
	GlobalSection(SolutionProperties) = preSolution
		HideSolutionNode = FALSE
	EndGlobalSection
	GlobalSection(ExtensibilityGlobals) = postSolution
		SolutionGuid = {E5BA606B-CCFB-4BF1-B189-11D577AF73B8}
	EndGlobalSection
EndGlobal
